
Microsoft Visual Studio Solution File, Format Version 12.00
# Visual Studio Version 17
VisualStudioVersion = 17.6.33801.468
MinimumVisualStudioVersion = 10.0.40219.1
Project("{FAE04EC0-301F-11D3-BF4B-00C04F79EFBC}") = "Kalkulator.Android", "Kalkulator\Kalkulator.Android\Kalkulator.Android.csproj", "{BD423103-69FD-43AA-884B-95A6AD0CEEAD}"
EndProject
Project("{FAE04EC0-301F-11D3-BF4B-00C04F79EFBC}") = "Kalkulator", "Kalkulator\Kalkulator\Kalkulator.csproj", "{3206400C-CE47-45F3-93B2-FF8602375472}"
EndProject
Global
	GlobalSection(SolutionConfigurationPlatforms) = preSolution
		Debug|Any CPU = Debug|Any CPU
		Release|Any CPU = Release|Any CPU
	EndGlobalSection
	GlobalSection(ProjectConfigurationPlatforms) = postSolution
		{BD423103-69FD-43AA-884B-95A6AD0CEEAD}.Debug|Any CPU.ActiveCfg = Debug|Any CPU
		{BD423103-69FD-43AA-884B-95A6AD0CEEAD}.Debug|Any CPU.Build.0 = Debug|Any CPU
		{BD423103-69FD-43AA-884B-95A6AD0CEEAD}.Debug|Any CPU.Deploy.0 = Debug|Any CPU
		{BD423103-69FD-43AA-884B-95A6AD0CEEAD}.Release|Any CPU.ActiveCfg = Release|Any CPU
		{BD423103-69FD-43AA-884B-95A6AD0CEEAD}.Release|Any CPU.Build.0 = Release|Any CPU
		{BD423103-69FD-43AA-884B-95A6AD0CEEAD}.Release|Any CPU.Deploy.0 = Release|Any CPU
		{3206400C-CE47-45F3-93B2-FF8602375472}.Debug|Any CPU.ActiveCfg = Debug|Any CPU
		{3206400C-CE47-45F3-93B2-FF8602375472}.Debug|Any CPU.Build.0 = Debug|Any CPU
		{3206400C-CE47-45F3-93B2-FF8602375472}.Debug|Any CPU.Deploy.0 = Debug|Any CPU
		{3206400C-CE47-45F3-93B2-FF8602375472}.Release|Any CPU.ActiveCfg = Release|Any CPU
		{3206400C-CE47-45F3-93B2-FF8602375472}.Release|Any CPU.Build.0 = Release|Any CPU
		{3206400C-CE47-45F3-93B2-FF8602375472}.Release|Any CPU.Deploy.0 = Release|Any CPU
	EndGlobalSection
	GlobalSection(SolutionProperties) = preSolution
		HideSolutionNode = FALSE
	EndGlobalSection
	GlobalSection(ExtensibilityGlobals) = postSolution
		SolutionGuid = {88F0F83F-076E-487B-B105-52BE137776FD}
	EndGlobalSection
EndGlobal
